
Microsoft Visual Studio Solution File, Format Version 12.00
# Visual Studio 2013
VisualStudioVersion = 12.0.40629.0
MinimumVisualStudioVersion = 10.0.40219.1
Project("{FAE04EC0-301F-11D3-BF4B-00C04F79EFBC}") = "DuPont", "DuPont\DuPont.csproj", "{D85AF813-B82C-4FA8-B683-5D7921F55A6A}"
EndProject
Global
	GlobalSection(SolutionConfigurationPlatforms) = preSolution
		Debug|Any CPU = Debug|Any CPU
		Release|Any CPU = Release|Any CPU
	EndGlobalSection
	GlobalSection(ProjectConfigurationPlatforms) = postSolution
		{D85AF813-B82C-4FA8-B683-5D7921F55A6A}.Debug|Any CPU.ActiveCfg = Debug|Any CPU
		{D85AF813-B82C-4FA8-B683-5D7921F55A6A}.Debug|Any CPU.Build.0 = Debug|Any CPU
		{D85AF813-B82C-4FA8-B683-5D7921F55A6A}.Release|Any CPU.ActiveCfg = Release|Any CPU
		{D85AF813-B82C-4FA8-B683-5D7921F55A6A}.Release|Any CPU.Build.0 = Release|Any CPU
	EndGlobalSection
	GlobalSection(SolutionProperties) = preSolution
		HideSolutionNode = FALSE
	EndGlobalSection
EndGlobal
